
Microsoft Visual Studio Solution File, Format Version 12.00
# Visual Studio Version 17
VisualStudioVersion = 17.5.002.0
MinimumVisualStudioVersion = 10.0.40219.1
Project("{9A19103F-16F7-4668-BE54-9A1E7A4F7556}") = "b1.6.6", "b1.6.6.csproj", "{430848BD-C43A-4C31-8DF1-D5BE61C2D6D8}"
EndProject
Global
	GlobalSection(SolutionConfigurationPlatforms) = preSolution
		Debug|Any CPU = Debug|Any CPU
		Release|Any CPU = Release|Any CPU
	EndGlobalSection
	GlobalSection(ProjectConfigurationPlatforms) = postSolution
		{430848BD-C43A-4C31-8DF1-D5BE61C2D6D8}.Debug|Any CPU.ActiveCfg = Debug|Any CPU
		{430848BD-C43A-4C31-8DF1-D5BE61C2D6D8}.Debug|Any CPU.Build.0 = Debug|Any CPU
		{430848BD-C43A-4C31-8DF1-D5BE61C2D6D8}.Release|Any CPU.ActiveCfg = Release|Any CPU
		{430848BD-C43A-4C31-8DF1-D5BE61C2D6D8}.Release|Any CPU.Build.0 = Release|Any CPU
	EndGlobalSection
	GlobalSection(SolutionProperties) = preSolution
		HideSolutionNode = FALSE
	EndGlobalSection
	GlobalSection(ExtensibilityGlobals) = postSolution
		SolutionGuid = {8F533491-BEAB-4841-AF56-8C3C6931F348}
	EndGlobalSection
EndGlobal
